// !$*UTF8*$!
{
	archiveVersion = 1;
	classes = {
	};
	objectVersion = 46;
	objects = {

/* Begin PBXBuildFile section */
		9D30A2271E1BB4640011D8E0 /* Restaurant.swift in Sources */ = {isa = PBXBuildFile; fileRef = 9D30A2261E1BB4640011D8E0 /* Restaurant.swift */; };
		9D30A2291E1BB4750011D8E0 /* Avis.swift in Sources */ = {isa = PBXBuildFile; fileRef = 9D30A2281E1BB4750011D8E0 /* Avis.swift */; };
		9D30A22B1E1BB4820011D8E0 /* RestaurantFactory.swift in Sources */ = {isa = PBXBuildFile; fileRef = 9D30A22A1E1BB4820011D8E0 /* RestaurantFactory.swift */; };
		9D30A22D1E1BB4A50011D8E0 /* MapKit.framework in Frameworks */ = {isa = PBXBuildFile; fileRef = 9D30A22C1E1BB4A50011D8E0 /* MapKit.framework */; };
		9D30A22F1E1BB5040011D8E0 /* Extension.swift in Sources */ = {isa = PBXBuildFile; fileRef = 9D30A22E1E1BB5040011D8E0 /* Extension.swift */; };
		9D7BD8BA1E1BAC5100281F15 /* AppDelegate.swift in Sources */ = {isa = PBXBuildFile; fileRef = 9D7BD8B91E1BAC5100281F15 /* AppDelegate.swift */; };
		9D7BD8BC1E1BAC5100281F15 /* MapViewController.swift in Sources */ = {isa = PBXBuildFile; fileRef = 9D7BD8BB1E1BAC5100281F15 /* MapViewController.swift */; };
		9D7BD8BF1E1BAC5100281F15 /* Main.storyboard in Resources */ = {isa = PBXBuildFile; fileRef = 9D7BD8BD1E1BAC5100281F15 /* Main.storyboard */; };
		9D7BD8C21E1BAC5100281F15 /* RestIn.xcdatamodeld in Sources */ = {isa = PBXBuildFile; fileRef = 9D7BD8C01E1BAC5100281F15 /* RestIn.xcdatamodeld */; };
		9D7BD8C41E1BAC5100281F15 /* Assets.xcassets in Resources */ = {isa = PBXBuildFile; fileRef = 9D7BD8C31E1BAC5100281F15 /* Assets.xcassets */; };
		9D7BD8C71E1BAC5100281F15 /* LaunchScreen.storyboard in Resources */ = {isa = PBXBuildFile; fileRef = 9D7BD8C51E1BAC5100281F15 /* LaunchScreen.storyboard */; };
		B4B252CFB4EF5E1ECF8F806B /* Pods_RestIn.framework in Frameworks */ = {isa = PBXBuildFile; fileRef = 59B858A3E5B0E53414D1E684 /* Pods_RestIn.framework */; };
/* End PBXBuildFile section */

/* Begin PBXFileReference section */
		505B2E2E426048159C80EA8E /* Pods-RestIn.debug.xcconfig */ = {isa = PBXFileReference; includeInIndex = 1; lastKnownFileType = text.xcconfig; name = "Pods-RestIn.debug.xcconfig"; path = "Pods/Target Support Files/Pods-RestIn/Pods-RestIn.debug.xcconfig"; sourceTree = "<group>"; };
		59B858A3E5B0E53414D1E684 /* Pods_RestIn.framework */ = {isa = PBXFileReference; explicitFileType = wrapper.framework; includeInIndex = 0; path = Pods_RestIn.framework; sourceTree = BUILT_PRODUCTS_DIR; };
		9D30A2261E1BB4640011D8E0 /* Restaurant.swift */ = {isa = PBXFileReference; fileEncoding = 4; lastKnownFileType = sourcecode.swift; path = Restaurant.swift; sourceTree = "<group>"; };
		9D30A2281E1BB4750011D8E0 /* Avis.swift */ = {isa = PBXFileReference; fileEncoding = 4; lastKnownFileType = sourcecode.swift; path = Avis.swift; sourceTree = "<group>"; };
		9D30A22A1E1BB4820011D8E0 /* RestaurantFactory.swift */ = {isa = PBXFileReference; fileEncoding = 4; lastKnownFileType = sourcecode.swift; path = RestaurantFactory.swift; sourceTree = "<group>"; };
		9D30A22C1E1BB4A50011D8E0 /* MapKit.framework */ = {isa = PBXFileReference; lastKnownFileType = wrapper.framework; name = MapKit.framework; path = System/Library/Frameworks/MapKit.framework; sourceTree = SDKROOT; };
		9D30A22E1E1BB5040011D8E0 /* Extension.swift */ = {isa = PBXFileReference; fileEncoding = 4; lastKnownFileType = sourcecode.swift; path = Extension.swift; sourceTree = "<group>"; };
		9D7BD8B61E1BAC5100281F15 /* RestIn.app */ = {isa = PBXFileReference; explicitFileType = wrapper.application; includeInIndex = 0; path = RestIn.app; sourceTree = BUILT_PRODUCTS_DIR; };
		9D7BD8B91E1BAC5100281F15 /* AppDelegate.swift */ = {isa = PBXFileReference; lastKnownFileType = sourcecode.swift; path = AppDelegate.swift; sourceTree = "<group>"; };
		9D7BD8BB1E1BAC5100281F15 /* MapViewController.swift */ = {isa = PBXFileReference; lastKnownFileType = sourcecode.swift; path = MapViewController.swift; sourceTree = "<group>"; };
		9D7BD8BE1E1BAC5100281F15 /* Base */ = {isa = PBXFileReference; lastKnownFileType = file.storyboard; name = Base; path = Base.lproj/Main.storyboard; sourceTree = "<group>"; };
		9D7BD8C11E1BAC5100281F15 /* RestIn.xcdatamodel */ = {isa = PBXFileReference; lastKnownFileType = wrapper.xcdatamodel; path = RestIn.xcdatamodel; sourceTree = "<group>"; };
		9D7BD8C31E1BAC5100281F15 /* Assets.xcassets */ = {isa = PBXFileReference; lastKnownFileType = folder.assetcatalog; path = Assets.xcassets; sourceTree = "<group>"; };
		9D7BD8C61E1BAC5100281F15 /* Base */ = {isa = PBXFileReference; lastKnownFileType = file.storyboard; name = Base; path = Base.lproj/LaunchScreen.storyboard; sourceTree = "<group>"; };
		9D7BD8C81E1BAC5100281F15 /* Info.plist */ = {isa = PBXFileReference; lastKnownFileType = text.plist.xml; path = Info.plist; sourceTree = "<group>"; };
		B41F3A433503BD0409FC69B0 /* Pods-RestIn.release.xcconfig */ = {isa = PBXFileReference; includeInIndex = 1; lastKnownFileType = text.xcconfig; name = "Pods-RestIn.release.xcconfig"; path = "Pods/Target Support Files/Pods-RestIn/Pods-RestIn.release.xcconfig"; sourceTree = "<group>"; };
/* End PBXFileReference section */

/* Begin PBXFrameworksBuildPhase section */
		9D7BD8B31E1BAC5100281F15 /* Frameworks */ = {
			isa = PBXFrameworksBuildPhase;
			buildActionMask = 2147483647;
			files = (
				9D30A22D1E1BB4A50011D8E0 /* MapKit.framework in Frameworks */,
				B4B252CFB4EF5E1ECF8F806B /* Pods_RestIn.framework in Frameworks */,
			);
			runOnlyForDeploymentPostprocessing = 0;
		};
/* End PBXFrameworksBuildPhase section */

/* Begin PBXGroup section */
		9CAAE1BD5E81CD4FFF45DA10 /* Frameworks */ = {
			isa = PBXGroup;
			children = (
				9D30A22C1E1BB4A50011D8E0 /* MapKit.framework */,
				59B858A3E5B0E53414D1E684 /* Pods_RestIn.framework */,
			);
			name = Frameworks;
			sourceTree = "<group>";
		};
		9D30A2231E1BB4220011D8E0 /* Modeles */ = {
			isa = PBXGroup;
			children = (
				9D30A2261E1BB4640011D8E0 /* Restaurant.swift */,
				9D30A2281E1BB4750011D8E0 /* Avis.swift */,
				9D30A22A1E1BB4820011D8E0 /* RestaurantFactory.swift */,
			);
			name = Modeles;
			sourceTree = "<group>";
		};
		9D30A2241E1BB42A0011D8E0 /* Views */ = {
			isa = PBXGroup;
			children = (
				9D7BD8BB1E1BAC5100281F15 /* MapViewController.swift */,
			);
			name = Views;
			sourceTree = "<group>";
		};
		9D30A2251E1BB42F0011D8E0 /* Others */ = {
			isa = PBXGroup;
			children = (
				9D7BD8B91E1BAC5100281F15 /* AppDelegate.swift */,
				9D7BD8BD1E1BAC5100281F15 /* Main.storyboard */,
				9D7BD8C31E1BAC5100281F15 /* Assets.xcassets */,
				9D7BD8C51E1BAC5100281F15 /* LaunchScreen.storyboard */,
				9D7BD8C81E1BAC5100281F15 /* Info.plist */,
				9D7BD8C01E1BAC5100281F15 /* RestIn.xcdatamodeld */,
				9D30A22E1E1BB5040011D8E0 /* Extension.swift */,
			);
			name = Others;
			sourceTree = "<group>";
		};
		9D7BD8AD1E1BAC5100281F15 = {
			isa = PBXGroup;
			children = (
				9D7BD8B81E1BAC5100281F15 /* RestIn */,
				9D7BD8B71E1BAC5100281F15 /* Products */,
				CEC731E68A7B34094E85A197 /* Pods */,
				9CAAE1BD5E81CD4FFF45DA10 /* Frameworks */,
			);
			sourceTree = "<group>";
		};
		9D7BD8B71E1BAC5100281F15 /* Products */ = {
			isa = PBXGroup;
			children = (
				9D7BD8B61E1BAC5100281F15 /* RestIn.app */,
			);
			name = Products;
			sourceTree = "<group>";
		};
		9D7BD8B81E1BAC5100281F15 /* RestIn */ = {
			isa = PBXGroup;
			children = (
				9D30A2251E1BB42F0011D8E0 /* Others */,
				9D30A2241E1BB42A0011D8E0 /* Views */,
				9D30A2231E1BB4220011D8E0 /* Modeles */,
			);
			path = RestIn;
			sourceTree = "<group>";
		};
		CEC731E68A7B34094E85A197 /* Pods */ = {
			isa = PBXGroup;
			children = (
				505B2E2E426048159C80EA8E /* Pods-RestIn.debug.xcconfig */,
				B41F3A433503BD0409FC69B0 /* Pods-RestIn.release.xcconfig */,
			);
			name = Pods;
			sourceTree = "<group>";
		};
/* End PBXGroup section */

/* Begin PBXNativeTarget section */
		9D7BD8B51E1BAC5100281F15 /* RestIn */ = {
			isa = PBXNativeTarget;
			buildConfigurationList = 9D7BD8CB1E1BAC5100281F15 /* Build configuration list for PBXNativeTarget "RestIn" */;
			buildPhases = (
				B505185E63D5F8D711560657 /* [CP] Check Pods Manifest.lock */,
				9D7BD8B21E1BAC5100281F15 /* Sources */,
				9D7BD8B31E1BAC5100281F15 /* Frameworks */,
				9D7BD8B41E1BAC5100281F15 /* Resources */,
				07EAA9FC8F9FBBDDA9879701 /* [CP] Embed Pods Frameworks */,
				CCEB5B7C3DCD8C69994F7776 /* [CP] Copy Pods Resources */,
			);
			buildRules = (
			);
			dependencies = (
			);
			name = RestIn;
			productName = RestIn;
			productReference = 9D7BD8B61E1BAC5100281F15 /* RestIn.app */;
			productType = "com.apple.product-type.application";
		};
/* End PBXNativeTarget section */

/* Begin PBXProject section */
		9D7BD8AE1E1BAC5100281F15 /* Project object */ = {
			isa = PBXProject;
			attributes = {
				LastSwiftUpdateCheck = 0810;
				LastUpgradeCheck = 0820;
				ORGANIZATIONNAME = "Quentin Vecchio";
				TargetAttributes = {
					9D7BD8B51E1BAC5100281F15 = {
						CreatedOnToolsVersion = 8.1;
						DevelopmentTeam = 74Y9E57RL2;
						ProvisioningStyle = Automatic;
						SystemCapabilities = {
							com.apple.Maps.iOS = {
								enabled = 1;
							};
						};
					};
				};
			};
			buildConfigurationList = 9D7BD8B11E1BAC5100281F15 /* Build configuration list for PBXProject "RestIn" */;
			compatibilityVersion = "Xcode 3.2";
			developmentRegion = English;
			hasScannedForEncodings = 0;
			knownRegions = (
				en,
				Base,
			);
			mainGroup = 9D7BD8AD1E1BAC5100281F15;
			productRefGroup = 9D7BD8B71E1BAC5100281F15 /* Products */;
			projectDirPath = "";
			projectRoot = "";
			targets = (
				9D7BD8B51E1BAC5100281F15 /* RestIn */,
			);
		};
/* End PBXProject section */

/* Begin PBXResourcesBuildPhase section */
		9D7BD8B41E1BAC5100281F15 /* Resources */ = {
			isa = PBXResourcesBuildPhase;
			buildActionMask = 2147483647;
			files = (
				9D7BD8C71E1BAC5100281F15 /* LaunchScreen.storyboard in Resources */,
				9D7BD8C41E1BAC5100281F15 /* Assets.xcassets in Resources */,
				9D7BD8BF1E1BAC5100281F15 /* Main.storyboard in Resources */,
			);
			runOnlyForDeploymentPostprocessing = 0;
		};
/* End PBXResourcesBuildPhase section */

/* Begin PBXShellScriptBuildPhase section */
		07EAA9FC8F9FBBDDA9879701 /* [CP] Embed Pods Frameworks */ = {
			isa = PBXShellScriptBuildPhase;
			buildActionMask = 2147483647;
			files = (
			);
			inputPaths = (
			);
			name = "[CP] Embed Pods Frameworks";
			outputPaths = (
			);
			runOnlyForDeploymentPostprocessing = 0;
			shellPath = /bin/sh;
			shellScript = "\"${SRCROOT}/Pods/Target Support Files/Pods-RestIn/Pods-RestIn-frameworks.sh\"\n";
			showEnvVarsInLog = 0;
		};
		B505185E63D5F8D711560657 /* [CP] Check Pods Manifest.lock */ = {
			isa = PBXShellScriptBuildPhase;
			buildActionMask = 2147483647;
			files = (
			);
			inputPaths = (
			);
			name = "[CP] Check Pods Manifest.lock";
			outputPaths = (
			);
			runOnlyForDeploymentPostprocessing = 0;
			shellPath = /bin/sh;
			shellScript = "diff \"${PODS_ROOT}/../Podfile.lock\" \"${PODS_ROOT}/Manifest.lock\" > /dev/null\nif [ $? != 0 ] ; then\n    # print error to STDERR\n    echo \"error: The sandbox is not in sync with the Podfile.lock. Run 'pod install' or update your CocoaPods installation.\" >&2\n    exit 1\nfi\n";
			showEnvVarsInLog = 0;
		};
		CCEB5B7C3DCD8C69994F7776 /* [CP] Copy Pods Resources */ = {
			isa = PBXShellScriptBuildPhase;
			buildActionMask = 2147483647;
			files = (
			);
			inputPaths = (
			);
			name = "[CP] Copy Pods Resources";
			outputPaths = (
			);
			runOnlyForDeploymentPostprocessing = 0;
			shellPath = /bin/sh;
			shellScript = "\"${SRCROOT}/Pods/Target Support Files/Pods-RestIn/Pods-RestIn-resources.sh\"\n";
			showEnvVarsInLog = 0;
		};
/* End PBXShellScriptBuildPhase section */

/* Begin PBXSourcesBuildPhase section */
		9D7BD8B21E1BAC5100281F15 /* Sources */ = {
			isa = PBXSourcesBuildPhase;
			buildActionMask = 2147483647;
			files = (
				9D30A2271E1BB4640011D8E0 /* Restaurant.swift in Sources */,
				9D30A22B1E1BB4820011D8E0 /* RestaurantFactory.swift in Sources */,
				9D30A22F1E1BB5040011D8E0 /* Extension.swift in Sources */,
				9D7BD8BC1E1BAC5100281F15 /* MapViewController.swift in Sources */,
				9D7BD8BA1E1BAC5100281F15 /* AppDelegate.swift in Sources */,
				9D7BD8C21E1BAC5100281F15 /* RestIn.xcdatamodeld in Sources */,
				9D30A2291E1BB4750011D8E0 /* Avis.swift in Sources */,
			);
			runOnlyForDeploymentPostprocessing = 0;
		};
/* End PBXSourcesBuildPhase section */

/* Begin PBXVariantGroup section */
		9D7BD8BD1E1BAC5100281F15 /* Main.storyboard */ = {
			isa = PBXVariantGroup;
			children = (
				9D7BD8BE1E1BAC5100281F15 /* Base */,
			);
			name = Main.storyboard;
			sourceTree = "<group>";
		};
		9D7BD8C51E1BAC5100281F15 /* LaunchScreen.storyboard */ = {
			isa = PBXVariantGroup;
			children = (
				9D7BD8C61E1BAC5100281F15 /* Base */,
			);
			name = LaunchScreen.storyboard;
			sourceTree = "<group>";
		};
/* End PBXVariantGroup section */

/* Begin XCBuildConfiguration section */
		9D7BD8C91E1BAC5100281F15 /* Debug */ = {
			isa = XCBuildConfiguration;
			buildSettings = {
				ALWAYS_SEARCH_USER_PATHS = NO;
				CLANG_ANALYZER_NONNULL = YES;
				CLANG_CXX_LANGUAGE_STANDARD = "gnu++0x";
				CLANG_CXX_LIBRARY = "libc++";
				CLANG_ENABLE_MODULES = YES;
				CLANG_ENABLE_OBJC_ARC = YES;
				CLANG_WARN_BOOL_CONVERSION = YES;
				CLANG_WARN_CONSTANT_CONVERSION = YES;
				CLANG_WARN_DIRECT_OBJC_ISA_USAGE = YES_ERROR;
				CLANG_WARN_DOCUMENTATION_COMMENTS = YES;
				CLANG_WARN_EMPTY_BODY = YES;
				CLANG_WARN_ENUM_CONVERSION = YES;
				CLANG_WARN_INFINITE_RECURSION = YES;
				CLANG_WARN_INT_CONVERSION = YES;
				CLANG_WARN_OBJC_ROOT_CLASS = YES_ERROR;
				CLANG_WARN_SUSPICIOUS_MOVE = YES;
				CLANG_WARN_SUSPICIOUS_MOVES = YES;
				CLANG_WARN_UNREACHABLE_CODE = YES;
				CLANG_WARN__DUPLICATE_METHOD_MATCH = YES;
				"CODE_SIGN_IDENTITY[sdk=iphoneos*]" = "iPhone Developer";
				COPY_PHASE_STRIP = NO;
				DEBUG_INFORMATION_FORMAT = dwarf;
				ENABLE_STRICT_OBJC_MSGSEND = YES;
				ENABLE_TESTABILITY = YES;
				GCC_C_LANGUAGE_STANDARD = gnu99;
				GCC_DYNAMIC_NO_PIC = NO;
				GCC_NO_COMMON_BLOCKS = YES;
				GCC_OPTIMIZATION_LEVEL = 0;
				GCC_PREPROCESSOR_DEFINITIONS = (
					"DEBUG=1",
					"$(inherited)",
				);
				GCC_WARN_64_TO_32_BIT_CONVERSION = YES;
				GCC_WARN_ABOUT_RETURN_TYPE = YES_ERROR;
				GCC_WARN_UNDECLARED_SELECTOR = YES;
				GCC_WARN_UNINITIALIZED_AUTOS = YES_AGGRESSIVE;
				GCC_WARN_UNUSED_FUNCTION = YES;
				GCC_WARN_UNUSED_VARIABLE = YES;
				IPHONEOS_DEPLOYMENT_TARGET = 10.1;
				MTL_ENABLE_DEBUG_INFO = YES;
				ONLY_ACTIVE_ARCH = YES;
				SDKROOT = iphoneos;
				SWIFT_ACTIVE_COMPILATION_CONDITIONS = DEBUG;
				SWIFT_OPTIMIZATION_LEVEL = "-Onone";
				TARGETED_DEVICE_FAMILY = "1,2";
			};
			name = Debug;
		};
		9D7BD8CA1E1BAC5100281F15 /* Release */ = {
			isa = XCBuildConfiguration;
			buildSettings = {
				ALWAYS_SEARCH_USER_PATHS = NO;
				CLANG_ANALYZER_NONNULL = YES;
				CLANG_CXX_LANGUAGE_STANDARD = "gnu++0x";
				CLANG_CXX_LIBRARY = "libc++";
				CLANG_ENABLE_MODULES = YES;
				CLANG_ENABLE_OBJC_ARC = YES;
				CLANG_WARN_BOOL_CONVERSION = YES;
				CLANG_WARN_CONSTANT_CONVERSION = YES;
				CLANG_WARN_DIRECT_OBJC_ISA_USAGE = YES_ERROR;
				CLANG_WARN_DOCUMENTATION_COMMENTS = YES;
				CLANG_WARN_EMPTY_BODY = YES;
				CLANG_WARN_ENUM_CONVERSION = YES;
				CLANG_WARN_INFINITE_RECURSION = YES;
				CLANG_WARN_INT_CONVERSION = YES;
				CLANG_WARN_OBJC_ROOT_CLASS = YES_ERROR;
				CLANG_WARN_SUSPICIOUS_MOVE = YES;
				CLANG_WARN_SUSPICIOUS_MOVES = YES;
				CLANG_WARN_UNREACHABLE_CODE = YES;
				CLANG_WARN__DUPLICATE_METHOD_MATCH = YES;
				"CODE_SIGN_IDENTITY[sdk=iphoneos*]" = "iPhone Developer";
				COPY_PHASE_STRIP = NO;
				DEBUG_INFORMATION_FORMAT = "dwarf-with-dsym";
				ENABLE_NS_ASSERTIONS = NO;
				ENABLE_STRICT_OBJC_MSGSEND = YES;
				GCC_C_LANGUAGE_STANDARD = gnu99;
				GCC_NO_COMMON_BLOCKS = YES;
				GCC_WARN_64_TO_32_BIT_CONVERSION = YES;
				GCC_WARN_ABOUT_RETURN_TYPE = YES_ERROR;
				GCC_WARN_UNDECLARED_SELECTOR = YES;
				GCC_WARN_UNINITIALIZED_AUTOS = YES_AGGRESSIVE;
				GCC_WARN_UNUSED_FUNCTION = YES;
				GCC_WARN_UNUSED_VARIABLE = YES;
				IPHONEOS_DEPLOYMENT_TARGET = 10.1;
				MTL_ENABLE_DEBUG_INFO = NO;
				SDKROOT = iphoneos;
				SWIFT_OPTIMIZATION_LEVEL = "-Owholemodule";
				TARGETED_DEVICE_FAMILY = "1,2";
				VALIDATE_PRODUCT = YES;
			};
			name = Release;
		};
		9D7BD8CC1E1BAC5100281F15 /* Debug */ = {
			isa = XCBuildConfiguration;
			baseConfigurationReference = 505B2E2E426048159C80EA8E /* Pods-RestIn.debug.xcconfig */;
			buildSettings = {
				ALWAYS_EMBED_SWIFT_STANDARD_LIBRARIES = YES;
				ASSETCATALOG_COMPILER_APPICON_NAME = AppIcon;
				DEVELOPMENT_TEAM = 74Y9E57RL2;
				INFOPLIST_FILE = RestIn/Info.plist;
				LD_RUNPATH_SEARCH_PATHS = "$(inherited) @executable_path/Frameworks";
				PRODUCT_BUNDLE_IDENTIFIER = "Quentin-Vecchio.RestIn";
				PRODUCT_NAME = "$(TARGET_NAME)";
				SWIFT_VERSION = 3.0;
			};
			name = Debug;
		};
		9D7BD8CD1E1BAC5100281F15 /* Release */ = {
			isa = XCBuildConfiguration;
			baseConfigurationReference = B41F3A433503BD0409FC69B0 /* Pods-RestIn.release.xcconfig */;
			buildSettings = {
				ALWAYS_EMBED_SWIFT_STANDARD_LIBRARIES = YES;
				ASSETCATALOG_COMPILER_APPICON_NAME = AppIcon;
				DEVELOPMENT_TEAM = 74Y9E57RL2;
				INFOPLIST_FILE = RestIn/Info.plist;
				LD_RUNPATH_SEARCH_PATHS = "$(inherited) @executable_path/Frameworks";
				PRODUCT_BUNDLE_IDENTIFIER = "Quentin-Vecchio.RestIn";
				PRODUCT_NAME = "$(TARGET_NAME)";
				SWIFT_VERSION = 3.0;
			};
			name = Release;
		};
/* End XCBuildConfiguration section */

/* Begin XCConfigurationList section */
		9D7BD8B11E1BAC5100281F15 /* Build configuration list for PBXProject "RestIn" */ = {
			isa = XCConfigurationList;
			buildConfigurations = (
				9D7BD8C91E1BAC5100281F15 /* Debug */,
				9D7BD8CA1E1BAC5100281F15 /* Release */,
			);
			defaultConfigurationIsVisible = 0;
			defaultConfigurationName = Release;
		};
		9D7BD8CB1E1BAC5100281F15 /* Build configuration list for PBXNativeTarget "RestIn" */ = {
			isa = XCConfigurationList;
			buildConfigurations = (
				9D7BD8CC1E1BAC5100281F15 /* Debug */,
				9D7BD8CD1E1BAC5100281F15 /* Release */,
			);
			defaultConfigurationIsVisible = 0;
			defaultConfigurationName = Release;
		};
/* End XCConfigurationList section */

/* Begin XCVersionGroup section */
		9D7BD8C01E1BAC5100281F15 /* RestIn.xcdatamodeld */ = {
			isa = XCVersionGroup;
			children = (
				9D7BD8C11E1BAC5100281F15 /* RestIn.xcdatamodel */,
			);
			currentVersion = 9D7BD8C11E1BAC5100281F15 /* RestIn.xcdatamodel */;
			path = RestIn.xcdatamodeld;
			sourceTree = "<group>";
			versionGroupType = wrapper.xcdatamodel;
		};
/* End XCVersionGroup section */
	};
	rootObject = 9D7BD8AE1E1BAC5100281F15 /* Project object */;
}
